
Microsoft Visual Studio Solution File, Format Version 12.00
# Visual Studio Version 17
VisualStudioVersion = 17.9.34723.18
MinimumVisualStudioVersion = 10.0.40219.1
Project("{9A19103F-16F7-4668-BE54-9A1E7A4F7556}") = "Rech.Barbeiro.Shop.API", "Rech.Barbeiro.Shop.API\Rech.Barbeiro.Shop.API.csproj", "{684A465E-B4A8-4BD7-80E5-7C1A600C57CE}"
EndProject
Project("{9A19103F-16F7-4668-BE54-9A1E7A4F7556}") = "Rech.Barbeiro.Shop.Domain", "Rech.Barbeiro.Shop.Domain\Rech.Barbeiro.Shop.Domain.csproj", "{156EB58A-F53C-4777-8ED2-FC89983A0136}"
EndProject
Project("{FAE04EC0-301F-11D3-BF4B-00C04F79EFBC}") = "Rech.Barbeiro.Shop.Database", "Rech.Barbeiro.Shop.Database\Rech.Barbeiro.Shop.Database.csproj", "{AB493083-C0C9-4161-8C39-B6D97F9EC11D}"
EndProject
Global
	GlobalSection(SolutionConfigurationPlatforms) = preSolution
		Debug|Any CPU = Debug|Any CPU
		Release|Any CPU = Release|Any CPU
	EndGlobalSection
	GlobalSection(ProjectConfigurationPlatforms) = postSolution
		{684A465E-B4A8-4BD7-80E5-7C1A600C57CE}.Debug|Any CPU.ActiveCfg = Debug|Any CPU
		{684A465E-B4A8-4BD7-80E5-7C1A600C57CE}.Debug|Any CPU.Build.0 = Debug|Any CPU
		{684A465E-B4A8-4BD7-80E5-7C1A600C57CE}.Release|Any CPU.ActiveCfg = Release|Any CPU
		{684A465E-B4A8-4BD7-80E5-7C1A600C57CE}.Release|Any CPU.Build.0 = Release|Any CPU
		{156EB58A-F53C-4777-8ED2-FC89983A0136}.Debug|Any CPU.ActiveCfg = Debug|Any CPU
		{156EB58A-F53C-4777-8ED2-FC89983A0136}.Debug|Any CPU.Build.0 = Debug|Any CPU
		{156EB58A-F53C-4777-8ED2-FC89983A0136}.Release|Any CPU.ActiveCfg = Release|Any CPU
		{156EB58A-F53C-4777-8ED2-FC89983A0136}.Release|Any CPU.Build.0 = Release|Any CPU
		{AB493083-C0C9-4161-8C39-B6D97F9EC11D}.Debug|Any CPU.ActiveCfg = Debug|Any CPU
		{AB493083-C0C9-4161-8C39-B6D97F9EC11D}.Debug|Any CPU.Build.0 = Debug|Any CPU
		{AB493083-C0C9-4161-8C39-B6D97F9EC11D}.Release|Any CPU.ActiveCfg = Release|Any CPU
		{AB493083-C0C9-4161-8C39-B6D97F9EC11D}.Release|Any CPU.Build.0 = Release|Any CPU
	EndGlobalSection
	GlobalSection(SolutionProperties) = preSolution
		HideSolutionNode = FALSE
	EndGlobalSection
	GlobalSection(ExtensibilityGlobals) = postSolution
		SolutionGuid = {3356DDF3-BBD4-41EB-A3B6-295CF564A7BB}
	EndGlobalSection
EndGlobal
